
Microsoft Visual Studio Solution File, Format Version 12.00
# Visual Studio Version 17
VisualStudioVersion = 17.11.35303.130
MinimumVisualStudioVersion = 10.0.40219.1
Project("{FAE04EC0-301F-11D3-BF4B-00C04F79EFBC}") = "API", "API\API.csproj", "{C3F4AA0E-07FD-4297-9FE4-B4CACBA18BB0}"
EndProject
Project("{FAE04EC0-301F-11D3-BF4B-00C04F79EFBC}") = "Application", "Application\Application.csproj", "{448B89AE-BE39-48DE-8C22-6F8499A37C02}"
EndProject
Project("{FAE04EC0-301F-11D3-BF4B-00C04F79EFBC}") = "Domain", "Domain\Domain.csproj", "{68714DAE-E452-40FD-8E7D-E81BED82C588}"
EndProject
Project("{FAE04EC0-301F-11D3-BF4B-00C04F79EFBC}") = "Infrastructure", "Infrastructure\Infrastructure.csproj", "{CE2737E3-CB69-4CC2-B8AD-5F5B8A0BDED0}"
EndProject
Project("{FAE04EC0-301F-11D3-BF4B-00C04F79EFBC}") = "Tests", "Tests\Tests.csproj", "{84481C9C-8527-4AD6-BBC7-5708215D40AF}"
EndProject
Global
	GlobalSection(SolutionConfigurationPlatforms) = preSolution
		Debug|Any CPU = Debug|Any CPU
		Release|Any CPU = Release|Any CPU
	EndGlobalSection
	GlobalSection(ProjectConfigurationPlatforms) = postSolution
		{C3F4AA0E-07FD-4297-9FE4-B4CACBA18BB0}.Debug|Any CPU.ActiveCfg = Debug|Any CPU
		{C3F4AA0E-07FD-4297-9FE4-B4CACBA18BB0}.Debug|Any CPU.Build.0 = Debug|Any CPU
		{C3F4AA0E-07FD-4297-9FE4-B4CACBA18BB0}.Release|Any CPU.ActiveCfg = Release|Any CPU
		{C3F4AA0E-07FD-4297-9FE4-B4CACBA18BB0}.Release|Any CPU.Build.0 = Release|Any CPU
		{448B89AE-BE39-48DE-8C22-6F8499A37C02}.Debug|Any CPU.ActiveCfg = Debug|Any CPU
		{448B89AE-BE39-48DE-8C22-6F8499A37C02}.Debug|Any CPU.Build.0 = Debug|Any CPU
		{448B89AE-BE39-48DE-8C22-6F8499A37C02}.Release|Any CPU.ActiveCfg = Release|Any CPU
		{448B89AE-BE39-48DE-8C22-6F8499A37C02}.Release|Any CPU.Build.0 = Release|Any CPU
		{68714DAE-E452-40FD-8E7D-E81BED82C588}.Debug|Any CPU.ActiveCfg = Debug|Any CPU
		{68714DAE-E452-40FD-8E7D-E81BED82C588}.Debug|Any CPU.Build.0 = Debug|Any CPU
		{68714DAE-E452-40FD-8E7D-E81BED82C588}.Release|Any CPU.ActiveCfg = Release|Any CPU
		{68714DAE-E452-40FD-8E7D-E81BED82C588}.Release|Any CPU.Build.0 = Release|Any CPU
		{CE2737E3-CB69-4CC2-B8AD-5F5B8A0BDED0}.Debug|Any CPU.ActiveCfg = Debug|Any CPU
		{CE2737E3-CB69-4CC2-B8AD-5F5B8A0BDED0}.Debug|Any CPU.Build.0 = Debug|Any CPU
		{CE2737E3-CB69-4CC2-B8AD-5F5B8A0BDED0}.Release|Any CPU.ActiveCfg = Release|Any CPU
		{CE2737E3-CB69-4CC2-B8AD-5F5B8A0BDED0}.Release|Any CPU.Build.0 = Release|Any CPU
		{84481C9C-8527-4AD6-BBC7-5708215D40AF}.Debug|Any CPU.ActiveCfg = Debug|Any CPU
		{84481C9C-8527-4AD6-BBC7-5708215D40AF}.Debug|Any CPU.Build.0 = Debug|Any CPU
		{84481C9C-8527-4AD6-BBC7-5708215D40AF}.Release|Any CPU.ActiveCfg = Release|Any CPU
		{84481C9C-8527-4AD6-BBC7-5708215D40AF}.Release|Any CPU.Build.0 = Release|Any CPU
	EndGlobalSection
	GlobalSection(SolutionProperties) = preSolution
		HideSolutionNode = FALSE
	EndGlobalSection
	GlobalSection(ExtensibilityGlobals) = postSolution
		SolutionGuid = {EBA37F02-80C6-4BC3-B867-70749F756DDE}
	EndGlobalSection
EndGlobal
